// !$*UTF8*$!
{
	archiveVersion = 1;
	classes = {
	};
	objectVersion = 46;
	objects = {

/* Begin PBXBuildFile section */
		9426C80D1D8912C5006996E4 /* main.cpp in Sources */ = {isa = PBXBuildFile; fileRef = 9426C80C1D8912C5006996E4 /* main.cpp */; };
		9426C8131D89198F006996E4 /* Element.cpp in Sources */ = {isa = PBXBuildFile; fileRef = 9426C80F1D89198F006996E4 /* Element.cpp */; };
		9426C8141D89198F006996E4 /* Species.cpp in Sources */ = {isa = PBXBuildFile; fileRef = 9426C8111D89198F006996E4 /* Species.cpp */; };
/* End PBXBuildFile section */

/* Begin PBXCopyFilesBuildPhase section */
		9426C7FA1D88FDF8006996E4 /* CopyFiles */ = {
			isa = PBXCopyFilesBuildPhase;
			buildActionMask = 2147483647;
			dstPath = /usr/share/man/man1/;
			dstSubfolderSpec = 0;
			files = (
			);
			runOnlyForDeploymentPostprocessing = 1;
		};
/* End PBXCopyFilesBuildPhase section */

/* Begin PBXFileReference section */
		9426C7FC1D88FDF8006996E4 /* pokengine */ = {isa = PBXFileReference; explicitFileType = "compiled.mach-o.executable"; includeInIndex = 0; path = pokengine; sourceTree = BUILT_PRODUCTS_DIR; };
		9426C80C1D8912C5006996E4 /* main.cpp */ = {isa = PBXFileReference; fileEncoding = 4; lastKnownFileType = sourcecode.cpp.cpp; path = main.cpp; sourceTree = "<group>"; };
		9426C80F1D89198F006996E4 /* Element.cpp */ = {isa = PBXFileReference; fileEncoding = 4; lastKnownFileType = sourcecode.cpp.cpp; name = Element.cpp; path = Species/Element.cpp; sourceTree = "<group>"; };
		9426C8101D89198F006996E4 /* Element.hpp */ = {isa = PBXFileReference; fileEncoding = 4; lastKnownFileType = sourcecode.cpp.h; name = Element.hpp; path = Species/Element.hpp; sourceTree = "<group>"; };
		9426C8111D89198F006996E4 /* Species.cpp */ = {isa = PBXFileReference; fileEncoding = 4; lastKnownFileType = sourcecode.cpp.cpp; name = Species.cpp; path = Species/Species.cpp; sourceTree = "<group>"; };
		9426C8121D89198F006996E4 /* Species.hpp */ = {isa = PBXFileReference; fileEncoding = 4; lastKnownFileType = sourcecode.cpp.h; name = Species.hpp; path = Species/Species.hpp; sourceTree = "<group>"; };
/* End PBXFileReference section */

/* Begin PBXFrameworksBuildPhase section */
		9426C7F91D88FDF8006996E4 /* Frameworks */ = {
			isa = PBXFrameworksBuildPhase;
			buildActionMask = 2147483647;
			files = (
			);
			runOnlyForDeploymentPostprocessing = 0;
		};
/* End PBXFrameworksBuildPhase section */

/* Begin PBXGroup section */
		9426C7F31D88FDF8006996E4 = {
			isa = PBXGroup;
			children = (
				9426C7FE1D88FDF8006996E4 /* pokengine */,
				9426C7FD1D88FDF8006996E4 /* Products */,
			);
			sourceTree = "<group>";
		};
		9426C7FD1D88FDF8006996E4 /* Products */ = {
			isa = PBXGroup;
			children = (
				9426C7FC1D88FDF8006996E4 /* pokengine */,
			);
			name = Products;
			sourceTree = "<group>";
		};
		9426C7FE1D88FDF8006996E4 /* pokengine */ = {
			isa = PBXGroup;
			children = (
				9426C80E1D89183F006996E4 /* Species */,
				9426C80C1D8912C5006996E4 /* main.cpp */,
			);
			path = pokengine;
			sourceTree = "<group>";
		};
		9426C80E1D89183F006996E4 /* Species */ = {
			isa = PBXGroup;
			children = (
				9426C80F1D89198F006996E4 /* Element.cpp */,
				9426C8101D89198F006996E4 /* Element.hpp */,
				9426C8111D89198F006996E4 /* Species.cpp */,
				9426C8121D89198F006996E4 /* Species.hpp */,
			);
			name = Species;
			sourceTree = "<group>";
		};
/* End PBXGroup section */

/* Begin PBXNativeTarget section */
		9426C7FB1D88FDF8006996E4 /* pokengine */ = {
			isa = PBXNativeTarget;
			buildConfigurationList = 9426C8031D88FDF8006996E4 /* Build configuration list for PBXNativeTarget "pokengine" */;
			buildPhases = (
				9426C7F81D88FDF8006996E4 /* Sources */,
				9426C7F91D88FDF8006996E4 /* Frameworks */,
				9426C7FA1D88FDF8006996E4 /* CopyFiles */,
			);
			buildRules = (
			);
			dependencies = (
			);
			name = pokengine;
			productName = pokengine;
			productReference = 9426C7FC1D88FDF8006996E4 /* pokengine */;
			productType = "com.apple.product-type.tool";
		};
/* End PBXNativeTarget section */

/* Begin PBXProject section */
		9426C7F41D88FDF8006996E4 /* Project object */ = {
			isa = PBXProject;
			attributes = {
				LastUpgradeCheck = 0730;
				ORGANIZATIONNAME = ryanterry131;
				TargetAttributes = {
					9426C7FB1D88FDF8006996E4 = {
						CreatedOnToolsVersion = 7.3.1;
					};
				};
			};
			buildConfigurationList = 9426C7F71D88FDF8006996E4 /* Build configuration list for PBXProject "pokengine" */;
			compatibilityVersion = "Xcode 3.2";
			developmentRegion = English;
			hasScannedForEncodings = 0;
			knownRegions = (
				en,
			);
			mainGroup = 9426C7F31D88FDF8006996E4;
			productRefGroup = 9426C7FD1D88FDF8006996E4 /* Products */;
			projectDirPath = "";
			projectRoot = "";
			targets = (
				9426C7FB1D88FDF8006996E4 /* pokengine */,
			);
		};
/* End PBXProject section */

/* Begin PBXSourcesBuildPhase section */
		9426C7F81D88FDF8006996E4 /* Sources */ = {
			isa = PBXSourcesBuildPhase;
			buildActionMask = 2147483647;
			files = (
				9426C8141D89198F006996E4 /* Species.cpp in Sources */,
				9426C8131D89198F006996E4 /* Element.cpp in Sources */,
				9426C80D1D8912C5006996E4 /* main.cpp in Sources */,
			);
			runOnlyForDeploymentPostprocessing = 0;
		};
/* End PBXSourcesBuildPhase section */

/* Begin XCBuildConfiguration section */
		9426C8011D88FDF8006996E4 /* Debug */ = {
			isa = XCBuildConfiguration;
			buildSettings = {
				ALWAYS_SEARCH_USER_PATHS = NO;
				CLANG_ANALYZER_NONNULL = YES;
				CLANG_CXX_LANGUAGE_STANDARD = "gnu++0x";
				CLANG_CXX_LIBRARY = "libc++";
				CLANG_ENABLE_MODULES = YES;
				CLANG_ENABLE_OBJC_ARC = YES;
				CLANG_WARN_BOOL_CONVERSION = YES;
				CLANG_WARN_CONSTANT_CONVERSION = YES;
				CLANG_WARN_DIRECT_OBJC_ISA_USAGE = YES_ERROR;
				CLANG_WARN_EMPTY_BODY = YES;
				CLANG_WARN_ENUM_CONVERSION = YES;
				CLANG_WARN_INT_CONVERSION = YES;
				CLANG_WARN_OBJC_ROOT_CLASS = YES_ERROR;
				CLANG_WARN_UNREACHABLE_CODE = YES;
				CLANG_WARN__DUPLICATE_METHOD_MATCH = YES;
				CODE_SIGN_IDENTITY = "-";
				COPY_PHASE_STRIP = NO;
				DEBUG_INFORMATION_FORMAT = dwarf;
				ENABLE_STRICT_OBJC_MSGSEND = YES;
				ENABLE_TESTABILITY = YES;
				GCC_C_LANGUAGE_STANDARD = gnu99;
				GCC_DYNAMIC_NO_PIC = NO;
				GCC_NO_COMMON_BLOCKS = YES;
				GCC_OPTIMIZATION_LEVEL = 0;
				GCC_PREPROCESSOR_DEFINITIONS = (
					"DEBUG=1",
					"$(inherited)",
				);
				GCC_WARN_64_TO_32_BIT_CONVERSION = YES;
				GCC_WARN_ABOUT_RETURN_TYPE = YES_ERROR;
				GCC_WARN_UNDECLARED_SELECTOR = YES;
				GCC_WARN_UNINITIALIZED_AUTOS = YES_AGGRESSIVE;
				GCC_WARN_UNUSED_FUNCTION = YES;
				GCC_WARN_UNUSED_VARIABLE = YES;
				MACOSX_DEPLOYMENT_TARGET = 10.11;
				MTL_ENABLE_DEBUG_INFO = YES;
				ONLY_ACTIVE_ARCH = YES;
				SDKROOT = macosx;
			};
			name = Debug;
		};
		9426C8021D88FDF8006996E4 /* Release */ = {
			isa = XCBuildConfiguration;
			buildSettings = {
				ALWAYS_SEARCH_USER_PATHS = NO;
				CLANG_ANALYZER_NONNULL = YES;
				CLANG_CXX_LANGUAGE_STANDARD = "gnu++0x";
				CLANG_CXX_LIBRARY = "libc++";
				CLANG_ENABLE_MODULES = YES;
				CLANG_ENABLE_OBJC_ARC = YES;
				CLANG_WARN_BOOL_CONVERSION = YES;
				CLANG_WARN_CONSTANT_CONVERSION = YES;
				CLANG_WARN_DIRECT_OBJC_ISA_USAGE = YES_ERROR;
				CLANG_WARN_EMPTY_BODY = YES;
				CLANG_WARN_ENUM_CONVERSION = YES;
				CLANG_WARN_INT_CONVERSION = YES;
				CLANG_WARN_OBJC_ROOT_CLASS = YES_ERROR;
				CLANG_WARN_UNREACHABLE_CODE = YES;
				CLANG_WARN__DUPLICATE_METHOD_MATCH = YES;
				CODE_SIGN_IDENTITY = "-";
				COPY_PHASE_STRIP = NO;
				DEBUG_INFORMATION_FORMAT = "dwarf-with-dsym";
				ENABLE_NS_ASSERTIONS = NO;
				ENABLE_STRICT_OBJC_MSGSEND = YES;
				GCC_C_LANGUAGE_STANDARD = gnu99;
				GCC_NO_COMMON_BLOCKS = YES;
				GCC_WARN_64_TO_32_BIT_CONVERSION = YES;
				GCC_WARN_ABOUT_RETURN_TYPE = YES_ERROR;
				GCC_WARN_UNDECLARED_SELECTOR = YES;
				GCC_WARN_UNINITIALIZED_AUTOS = YES_AGGRESSIVE;
				GCC_WARN_UNUSED_FUNCTION = YES;
				GCC_WARN_UNUSED_VARIABLE = YES;
				MACOSX_DEPLOYMENT_TARGET = 10.11;
				MTL_ENABLE_DEBUG_INFO = NO;
				SDKROOT = macosx;
			};
			name = Release;
		};
		9426C8041D88FDF8006996E4 /* Debug */ = {
			isa = XCBuildConfiguration;
			buildSettings = {
				PRODUCT_NAME = "$(TARGET_NAME)";
			};
			name = Debug;
		};
		9426C8051D88FDF8006996E4 /* Release */ = {
			isa = XCBuildConfiguration;
			buildSettings = {
				PRODUCT_NAME = "$(TARGET_NAME)";
			};
			name = Release;
		};
/* End XCBuildConfiguration section */

/* Begin XCConfigurationList section */
		9426C7F71D88FDF8006996E4 /* Build configuration list for PBXProject "pokengine" */ = {
			isa = XCConfigurationList;
			buildConfigurations = (
				9426C8011D88FDF8006996E4 /* Debug */,
				9426C8021D88FDF8006996E4 /* Release */,
			);
			defaultConfigurationIsVisible = 0;
			defaultConfigurationName = Release;
		};
		9426C8031D88FDF8006996E4 /* Build configuration list for PBXNativeTarget "pokengine" */ = {
			isa = XCConfigurationList;
			buildConfigurations = (
				9426C8041D88FDF8006996E4 /* Debug */,
				9426C8051D88FDF8006996E4 /* Release */,
			);
			defaultConfigurationIsVisible = 0;
		};
/* End XCConfigurationList section */
	};
	rootObject = 9426C7F41D88FDF8006996E4 /* Project object */;
}
